
Microsoft Visual Studio Solution File, Format Version 12.00
# Visual Studio 15
VisualStudioVersion = 15.0.26124.0
MinimumVisualStudioVersion = 15.0.26124.0
Project("{FAE04EC0-301F-11D3-BF4B-00C04F79EFBC}") = "Coal.Client", "Coal.Client\Coal.Client.csproj", "{C8BFD7CF-154B-40E9-A77A-739F2CDAC3BD}"
EndProject
Project("{FAE04EC0-301F-11D3-BF4B-00C04F79EFBC}") = "Coal.Domain", "Coal.Domain\Coal.Domain.csproj", "{BAD8BE76-09B1-4E0E-836D-2C63DFA5495B}"
EndProject
Project("{FAE04EC0-301F-11D3-BF4B-00C04F79EFBC}") = "Coal.Storing", "Coal.Storing\Coal.Storing.csproj", "{1AC34915-4156-4A27-89E1-60964691671B}"
EndProject
Project("{FAE04EC0-301F-11D3-BF4B-00C04F79EFBC}") = "Coal.Testing.API", "Coal.Testing.API\Coal.Testing.API.csproj", "{280163FF-0DDD-43C9-BE4B-372BA050844F}"
EndProject
Project("{FAE04EC0-301F-11D3-BF4B-00C04F79EFBC}") = "Coal.Testing.MVC", "Coal.Testing.MVC\Coal.Testing.MVC.csproj", "{806AB485-60A5-466A-A59F-0AD0190ADCB5}"
EndProject
Global
	GlobalSection(SolutionConfigurationPlatforms) = preSolution
		Debug|Any CPU = Debug|Any CPU
		Debug|x64 = Debug|x64
		Debug|x86 = Debug|x86
		Release|Any CPU = Release|Any CPU
		Release|x64 = Release|x64
		Release|x86 = Release|x86
	EndGlobalSection
	GlobalSection(SolutionProperties) = preSolution
		HideSolutionNode = FALSE
	EndGlobalSection
	GlobalSection(ProjectConfigurationPlatforms) = postSolution
		{C8BFD7CF-154B-40E9-A77A-739F2CDAC3BD}.Debug|Any CPU.ActiveCfg = Debug|Any CPU
		{C8BFD7CF-154B-40E9-A77A-739F2CDAC3BD}.Debug|Any CPU.Build.0 = Debug|Any CPU
		{C8BFD7CF-154B-40E9-A77A-739F2CDAC3BD}.Debug|x64.ActiveCfg = Debug|Any CPU
		{C8BFD7CF-154B-40E9-A77A-739F2CDAC3BD}.Debug|x64.Build.0 = Debug|Any CPU
		{C8BFD7CF-154B-40E9-A77A-739F2CDAC3BD}.Debug|x86.ActiveCfg = Debug|Any CPU
		{C8BFD7CF-154B-40E9-A77A-739F2CDAC3BD}.Debug|x86.Build.0 = Debug|Any CPU
		{C8BFD7CF-154B-40E9-A77A-739F2CDAC3BD}.Release|Any CPU.ActiveCfg = Release|Any CPU
		{C8BFD7CF-154B-40E9-A77A-739F2CDAC3BD}.Release|Any CPU.Build.0 = Release|Any CPU
		{C8BFD7CF-154B-40E9-A77A-739F2CDAC3BD}.Release|x64.ActiveCfg = Release|Any CPU
		{C8BFD7CF-154B-40E9-A77A-739F2CDAC3BD}.Release|x64.Build.0 = Release|Any CPU
		{C8BFD7CF-154B-40E9-A77A-739F2CDAC3BD}.Release|x86.ActiveCfg = Release|Any CPU
		{C8BFD7CF-154B-40E9-A77A-739F2CDAC3BD}.Release|x86.Build.0 = Release|Any CPU
		{BAD8BE76-09B1-4E0E-836D-2C63DFA5495B}.Debug|Any CPU.ActiveCfg = Debug|Any CPU
		{BAD8BE76-09B1-4E0E-836D-2C63DFA5495B}.Debug|Any CPU.Build.0 = Debug|Any CPU
		{BAD8BE76-09B1-4E0E-836D-2C63DFA5495B}.Debug|x64.ActiveCfg = Debug|Any CPU
		{BAD8BE76-09B1-4E0E-836D-2C63DFA5495B}.Debug|x64.Build.0 = Debug|Any CPU
		{BAD8BE76-09B1-4E0E-836D-2C63DFA5495B}.Debug|x86.ActiveCfg = Debug|Any CPU
		{BAD8BE76-09B1-4E0E-836D-2C63DFA5495B}.Debug|x86.Build.0 = Debug|Any CPU
		{BAD8BE76-09B1-4E0E-836D-2C63DFA5495B}.Release|Any CPU.ActiveCfg = Release|Any CPU
		{BAD8BE76-09B1-4E0E-836D-2C63DFA5495B}.Release|Any CPU.Build.0 = Release|Any CPU
		{BAD8BE76-09B1-4E0E-836D-2C63DFA5495B}.Release|x64.ActiveCfg = Release|Any CPU
		{BAD8BE76-09B1-4E0E-836D-2C63DFA5495B}.Release|x64.Build.0 = Release|Any CPU
		{BAD8BE76-09B1-4E0E-836D-2C63DFA5495B}.Release|x86.ActiveCfg = Release|Any CPU
		{BAD8BE76-09B1-4E0E-836D-2C63DFA5495B}.Release|x86.Build.0 = Release|Any CPU
		{1AC34915-4156-4A27-89E1-60964691671B}.Debug|Any CPU.ActiveCfg = Debug|Any CPU
		{1AC34915-4156-4A27-89E1-60964691671B}.Debug|Any CPU.Build.0 = Debug|Any CPU
		{1AC34915-4156-4A27-89E1-60964691671B}.Debug|x64.ActiveCfg = Debug|Any CPU
		{1AC34915-4156-4A27-89E1-60964691671B}.Debug|x64.Build.0 = Debug|Any CPU
		{1AC34915-4156-4A27-89E1-60964691671B}.Debug|x86.ActiveCfg = Debug|Any CPU
		{1AC34915-4156-4A27-89E1-60964691671B}.Debug|x86.Build.0 = Debug|Any CPU
		{1AC34915-4156-4A27-89E1-60964691671B}.Release|Any CPU.ActiveCfg = Release|Any CPU
		{1AC34915-4156-4A27-89E1-60964691671B}.Release|Any CPU.Build.0 = Release|Any CPU
		{1AC34915-4156-4A27-89E1-60964691671B}.Release|x64.ActiveCfg = Release|Any CPU
		{1AC34915-4156-4A27-89E1-60964691671B}.Release|x64.Build.0 = Release|Any CPU
		{1AC34915-4156-4A27-89E1-60964691671B}.Release|x86.ActiveCfg = Release|Any CPU
		{1AC34915-4156-4A27-89E1-60964691671B}.Release|x86.Build.0 = Release|Any CPU
		{280163FF-0DDD-43C9-BE4B-372BA050844F}.Debug|Any CPU.ActiveCfg = Debug|Any CPU
		{280163FF-0DDD-43C9-BE4B-372BA050844F}.Debug|Any CPU.Build.0 = Debug|Any CPU
		{280163FF-0DDD-43C9-BE4B-372BA050844F}.Debug|x64.ActiveCfg = Debug|Any CPU
		{280163FF-0DDD-43C9-BE4B-372BA050844F}.Debug|x64.Build.0 = Debug|Any CPU
		{280163FF-0DDD-43C9-BE4B-372BA050844F}.Debug|x86.ActiveCfg = Debug|Any CPU
		{280163FF-0DDD-43C9-BE4B-372BA050844F}.Debug|x86.Build.0 = Debug|Any CPU
		{280163FF-0DDD-43C9-BE4B-372BA050844F}.Release|Any CPU.ActiveCfg = Release|Any CPU
		{280163FF-0DDD-43C9-BE4B-372BA050844F}.Release|Any CPU.Build.0 = Release|Any CPU
		{280163FF-0DDD-43C9-BE4B-372BA050844F}.Release|x64.ActiveCfg = Release|Any CPU
		{280163FF-0DDD-43C9-BE4B-372BA050844F}.Release|x64.Build.0 = Release|Any CPU
		{280163FF-0DDD-43C9-BE4B-372BA050844F}.Release|x86.ActiveCfg = Release|Any CPU
		{280163FF-0DDD-43C9-BE4B-372BA050844F}.Release|x86.Build.0 = Release|Any CPU
		{806AB485-60A5-466A-A59F-0AD0190ADCB5}.Debug|Any CPU.ActiveCfg = Debug|Any CPU
		{806AB485-60A5-466A-A59F-0AD0190ADCB5}.Debug|Any CPU.Build.0 = Debug|Any CPU
		{806AB485-60A5-466A-A59F-0AD0190ADCB5}.Debug|x64.ActiveCfg = Debug|Any CPU
		{806AB485-60A5-466A-A59F-0AD0190ADCB5}.Debug|x64.Build.0 = Debug|Any CPU
		{806AB485-60A5-466A-A59F-0AD0190ADCB5}.Debug|x86.ActiveCfg = Debug|Any CPU
		{806AB485-60A5-466A-A59F-0AD0190ADCB5}.Debug|x86.Build.0 = Debug|Any CPU
		{806AB485-60A5-466A-A59F-0AD0190ADCB5}.Release|Any CPU.ActiveCfg = Release|Any CPU
		{806AB485-60A5-466A-A59F-0AD0190ADCB5}.Release|Any CPU.Build.0 = Release|Any CPU
		{806AB485-60A5-466A-A59F-0AD0190ADCB5}.Release|x64.ActiveCfg = Release|Any CPU
		{806AB485-60A5-466A-A59F-0AD0190ADCB5}.Release|x64.Build.0 = Release|Any CPU
		{806AB485-60A5-466A-A59F-0AD0190ADCB5}.Release|x86.ActiveCfg = Release|Any CPU
		{806AB485-60A5-466A-A59F-0AD0190ADCB5}.Release|x86.Build.0 = Release|Any CPU
	EndGlobalSection
EndGlobal
