
Microsoft Visual Studio Solution File, Format Version 12.00
# Visual Studio 15
VisualStudioVersion = 15.0.26124.0
MinimumVisualStudioVersion = 15.0.26124.0
Project("{FAE04EC0-301F-11D3-BF4B-00C04F79EFBC}") = "Coal.Domain", "Coal.Domain\Coal.Domain.csproj", "{6F1897A0-0423-45A3-98DB-891DFB50E60D}"
EndProject
Project("{FAE04EC0-301F-11D3-BF4B-00C04F79EFBC}") = "Coal.Testing.API", "Coal.Testing.API\Coal.Testing.API.csproj", "{3733C34A-FE4C-40C9-BDDE-0E120072C71E}"
EndProject
Project("{FAE04EC0-301F-11D3-BF4B-00C04F79EFBC}") = "Coal.Storing", "Coal.Storing\Coal.Storing.csproj", "{FCB5333E-31ED-46BF-A492-F70F96B666A9}"
EndProject
Global
	GlobalSection(SolutionConfigurationPlatforms) = preSolution
		Debug|Any CPU = Debug|Any CPU
		Debug|x64 = Debug|x64
		Debug|x86 = Debug|x86
		Release|Any CPU = Release|Any CPU
		Release|x64 = Release|x64
		Release|x86 = Release|x86
	EndGlobalSection
	GlobalSection(SolutionProperties) = preSolution
		HideSolutionNode = FALSE
	EndGlobalSection
	GlobalSection(ProjectConfigurationPlatforms) = postSolution
		{6F1897A0-0423-45A3-98DB-891DFB50E60D}.Debug|Any CPU.ActiveCfg = Debug|Any CPU
		{6F1897A0-0423-45A3-98DB-891DFB50E60D}.Debug|Any CPU.Build.0 = Debug|Any CPU
		{6F1897A0-0423-45A3-98DB-891DFB50E60D}.Debug|x64.ActiveCfg = Debug|Any CPU
		{6F1897A0-0423-45A3-98DB-891DFB50E60D}.Debug|x64.Build.0 = Debug|Any CPU
		{6F1897A0-0423-45A3-98DB-891DFB50E60D}.Debug|x86.ActiveCfg = Debug|Any CPU
		{6F1897A0-0423-45A3-98DB-891DFB50E60D}.Debug|x86.Build.0 = Debug|Any CPU
		{6F1897A0-0423-45A3-98DB-891DFB50E60D}.Release|Any CPU.ActiveCfg = Release|Any CPU
		{6F1897A0-0423-45A3-98DB-891DFB50E60D}.Release|Any CPU.Build.0 = Release|Any CPU
		{6F1897A0-0423-45A3-98DB-891DFB50E60D}.Release|x64.ActiveCfg = Release|Any CPU
		{6F1897A0-0423-45A3-98DB-891DFB50E60D}.Release|x64.Build.0 = Release|Any CPU
		{6F1897A0-0423-45A3-98DB-891DFB50E60D}.Release|x86.ActiveCfg = Release|Any CPU
		{6F1897A0-0423-45A3-98DB-891DFB50E60D}.Release|x86.Build.0 = Release|Any CPU
		{3733C34A-FE4C-40C9-BDDE-0E120072C71E}.Debug|Any CPU.ActiveCfg = Debug|Any CPU
		{3733C34A-FE4C-40C9-BDDE-0E120072C71E}.Debug|Any CPU.Build.0 = Debug|Any CPU
		{3733C34A-FE4C-40C9-BDDE-0E120072C71E}.Debug|x64.ActiveCfg = Debug|Any CPU
		{3733C34A-FE4C-40C9-BDDE-0E120072C71E}.Debug|x64.Build.0 = Debug|Any CPU
		{3733C34A-FE4C-40C9-BDDE-0E120072C71E}.Debug|x86.ActiveCfg = Debug|Any CPU
		{3733C34A-FE4C-40C9-BDDE-0E120072C71E}.Debug|x86.Build.0 = Debug|Any CPU
		{3733C34A-FE4C-40C9-BDDE-0E120072C71E}.Release|Any CPU.ActiveCfg = Release|Any CPU
		{3733C34A-FE4C-40C9-BDDE-0E120072C71E}.Release|Any CPU.Build.0 = Release|Any CPU
		{3733C34A-FE4C-40C9-BDDE-0E120072C71E}.Release|x64.ActiveCfg = Release|Any CPU
		{3733C34A-FE4C-40C9-BDDE-0E120072C71E}.Release|x64.Build.0 = Release|Any CPU
		{3733C34A-FE4C-40C9-BDDE-0E120072C71E}.Release|x86.ActiveCfg = Release|Any CPU
		{3733C34A-FE4C-40C9-BDDE-0E120072C71E}.Release|x86.Build.0 = Release|Any CPU
		{FCB5333E-31ED-46BF-A492-F70F96B666A9}.Debug|Any CPU.ActiveCfg = Debug|Any CPU
		{FCB5333E-31ED-46BF-A492-F70F96B666A9}.Debug|Any CPU.Build.0 = Debug|Any CPU
		{FCB5333E-31ED-46BF-A492-F70F96B666A9}.Debug|x64.ActiveCfg = Debug|Any CPU
		{FCB5333E-31ED-46BF-A492-F70F96B666A9}.Debug|x64.Build.0 = Debug|Any CPU
		{FCB5333E-31ED-46BF-A492-F70F96B666A9}.Debug|x86.ActiveCfg = Debug|Any CPU
		{FCB5333E-31ED-46BF-A492-F70F96B666A9}.Debug|x86.Build.0 = Debug|Any CPU
		{FCB5333E-31ED-46BF-A492-F70F96B666A9}.Release|Any CPU.ActiveCfg = Release|Any CPU
		{FCB5333E-31ED-46BF-A492-F70F96B666A9}.Release|Any CPU.Build.0 = Release|Any CPU
		{FCB5333E-31ED-46BF-A492-F70F96B666A9}.Release|x64.ActiveCfg = Release|Any CPU
		{FCB5333E-31ED-46BF-A492-F70F96B666A9}.Release|x64.Build.0 = Release|Any CPU
		{FCB5333E-31ED-46BF-A492-F70F96B666A9}.Release|x86.ActiveCfg = Release|Any CPU
		{FCB5333E-31ED-46BF-A492-F70F96B666A9}.Release|x86.Build.0 = Release|Any CPU
	EndGlobalSection
EndGlobal
